
Microsoft Visual Studio Solution File, Format Version 12.00
# Visual Studio Version 17
VisualStudioVersion = 17.8.34316.72
MinimumVisualStudioVersion = 10.0.40219.1
Project("{9A19103F-16F7-4668-BE54-9A1E7A4F7556}") = "FoodHub", "FoodHub\FoodHub.csproj", "{E85DA949-F01C-4B71-A517-411EBCF337EF}"
EndProject
Project("{9A19103F-16F7-4668-BE54-9A1E7A4F7556}") = "FoodHub.EmailService", "FoodHub.Service\FoodHub.EmailService.csproj", "{680B38FB-1E44-4EAC-B247-CB1DAAF4867C}"
EndProject
Global
	GlobalSection(SolutionConfigurationPlatforms) = preSolution
		Debug|Any CPU = Debug|Any CPU
		Release|Any CPU = Release|Any CPU
	EndGlobalSection
	GlobalSection(ProjectConfigurationPlatforms) = postSolution
		{E85DA949-F01C-4B71-A517-411EBCF337EF}.Debug|Any CPU.ActiveCfg = Debug|Any CPU
		{E85DA949-F01C-4B71-A517-411EBCF337EF}.Debug|Any CPU.Build.0 = Debug|Any CPU
		{E85DA949-F01C-4B71-A517-411EBCF337EF}.Release|Any CPU.ActiveCfg = Release|Any CPU
		{E85DA949-F01C-4B71-A517-411EBCF337EF}.Release|Any CPU.Build.0 = Release|Any CPU
		{680B38FB-1E44-4EAC-B247-CB1DAAF4867C}.Debug|Any CPU.ActiveCfg = Debug|Any CPU
		{680B38FB-1E44-4EAC-B247-CB1DAAF4867C}.Debug|Any CPU.Build.0 = Debug|Any CPU
		{680B38FB-1E44-4EAC-B247-CB1DAAF4867C}.Release|Any CPU.ActiveCfg = Release|Any CPU
		{680B38FB-1E44-4EAC-B247-CB1DAAF4867C}.Release|Any CPU.Build.0 = Release|Any CPU
	EndGlobalSection
	GlobalSection(SolutionProperties) = preSolution
		HideSolutionNode = FALSE
	EndGlobalSection
	GlobalSection(ExtensibilityGlobals) = postSolution
		SolutionGuid = {6E3DDC11-666D-4BDF-A002-5AAC612C477C}
	EndGlobalSection
EndGlobal
